// !$*UTF8*$!
{
	archiveVersion = 1;
	classes = {
	};
	objectVersion = 77;
	objects = {

/* Begin PBXBuildFile section */
		6DCB94A32F61F1B600C8BFAA /* LocalWhisper in Frameworks */ = {isa = PBXBuildFile; productRef = 6DCB94A22F61F1B600C8BFAA /* LocalWhisper */; };
/* End PBXBuildFile section */

/* Begin PBXContainerItemProxy section */
		6DA96C292F6187EA00803E03 /* PBXContainerItemProxy */ = {
			isa = PBXContainerItemProxy;
			containerPortal = 6DA96C112F6187E900803E03 /* Project object */;
			proxyType = 1;
			remoteGlobalIDString = 6DA96C182F6187E900803E03;
			remoteInfo = voicecom;
		};
		6DA96C332F6187EA00803E03 /* PBXContainerItemProxy */ = {
			isa = PBXContainerItemProxy;
			containerPortal = 6DA96C112F6187E900803E03 /* Project object */;
			proxyType = 1;
			remoteGlobalIDString = 6DA96C182F6187E900803E03;
			remoteInfo = voicecom;
		};
/* End PBXContainerItemProxy section */

/* Begin PBXFileReference section */
		6DA96C192F6187E900803E03 /* voicecom.app */ = {isa = PBXFileReference; explicitFileType = wrapper.application; includeInIndex = 0; path = voicecom.app; sourceTree = BUILT_PRODUCTS_DIR; };
		6DA96C282F6187EA00803E03 /* voicecomTests.xctest */ = {isa = PBXFileReference; explicitFileType = wrapper.cfbundle; includeInIndex = 0; path = voicecomTests.xctest; sourceTree = BUILT_PRODUCTS_DIR; };
		6DA96C322F6187EA00803E03 /* voicecomUITests.xctest */ = {isa = PBXFileReference; explicitFileType = wrapper.cfbundle; includeInIndex = 0; path = voicecomUITests.xctest; sourceTree = BUILT_PRODUCTS_DIR; };
/* End PBXFileReference section */

/* Begin PBXFileSystemSynchronizedRootGroup section */
		6DA96C1B2F6187E900803E03 /* voicecom */ = {
			isa = PBXFileSystemSynchronizedRootGroup;
			path = voicecom;
			sourceTree = "<group>";
		};
		6DA96C2B2F6187EA00803E03 /* voicecomTests */ = {
			isa = PBXFileSystemSynchronizedRootGroup;
			path = voicecomTests;
			sourceTree = "<group>";
		};
		6DA96C352F6187EA00803E03 /* voicecomUITests */ = {
			isa = PBXFileSystemSynchronizedRootGroup;
			path = voicecomUITests;
			sourceTree = "<group>";
		};
/* End PBXFileSystemSynchronizedRootGroup section */

/* Begin PBXFrameworksBuildPhase section */
		6DA96C162F6187E900803E03 /* Frameworks */ = {
			isa = PBXFrameworksBuildPhase;
			buildActionMask = 2147483647;
			files = (
				6DCB94A32F61F1B600C8BFAA /* LocalWhisper in Frameworks */,
			);
			runOnlyForDeploymentPostprocessing = 0;
		};
		6DA96C252F6187EA00803E03 /* Frameworks */ = {
			isa = PBXFrameworksBuildPhase;
			buildActionMask = 2147483647;
			files = (
			);
			runOnlyForDeploymentPostprocessing = 0;
		};
		6DA96C2F2F6187EA00803E03 /* Frameworks */ = {
			isa = PBXFrameworksBuildPhase;
			buildActionMask = 2147483647;
			files = (
			);
			runOnlyForDeploymentPostprocessing = 0;
		};
/* End PBXFrameworksBuildPhase section */

/* Begin PBXGroup section */
		6DA96C102F6187E900803E03 = {
			isa = PBXGroup;
			children = (
				6DA96C1B2F6187E900803E03 /* voicecom */,
				6DA96C2B2F6187EA00803E03 /* voicecomTests */,
				6DA96C352F6187EA00803E03 /* voicecomUITests */,
				6DA96C1A2F6187E900803E03 /* Products */,
			);
			sourceTree = "<group>";
		};
		6DA96C1A2F6187E900803E03 /* Products */ = {
			isa = PBXGroup;
			children = (
				6DA96C192F6187E900803E03 /* voicecom.app */,
				6DA96C282F6187EA00803E03 /* voicecomTests.xctest */,
				6DA96C322F6187EA00803E03 /* voicecomUITests.xctest */,
			);
			name = Products;
			sourceTree = "<group>";
		};
/* End PBXGroup section */

/* Begin PBXNativeTarget section */
		6DA96C182F6187E900803E03 /* voicecom */ = {
			isa = PBXNativeTarget;
			buildConfigurationList = 6DA96C3C2F6187EA00803E03 /* Build configuration list for PBXNativeTarget "voicecom" */;
			buildPhases = (
				6DA96C152F6187E900803E03 /* Sources */,
				6DA96C162F6187E900803E03 /* Frameworks */,
				6DA96C172F6187E900803E03 /* Resources */,
			);
			buildRules = (
			);
			dependencies = (
			);
			fileSystemSynchronizedGroups = (
				6DA96C1B2F6187E900803E03 /* voicecom */,
			);
			name = voicecom;
			packageProductDependencies = (
				6DCB94A22F61F1B600C8BFAA /* LocalWhisper */,
			);
			productName = voicecom;
			productReference = 6DA96C192F6187E900803E03 /* voicecom.app */;
			productType = "com.apple.product-type.application";
		};
		6DA96C272F6187EA00803E03 /* voicecomTests */ = {
			isa = PBXNativeTarget;
			buildConfigurationList = 6DA96C3F2F6187EA00803E03 /* Build configuration list for PBXNativeTarget "voicecomTests" */;
			buildPhases = (
				6DA96C242F6187EA00803E03 /* Sources */,
				6DA96C252F6187EA00803E03 /* Frameworks */,
				6DA96C262F6187EA00803E03 /* Resources */,
			);
			buildRules = (
			);
			dependencies = (
				6DA96C2A2F6187EA00803E03 /* PBXTargetDependency */,
			);
			fileSystemSynchronizedGroups = (
				6DA96C2B2F6187EA00803E03 /* voicecomTests */,
			);
			name = voicecomTests;
			packageProductDependencies = (
			);
			productName = voicecomTests;
			productReference = 6DA96C282F6187EA00803E03 /* voicecomTests.xctest */;
			productType = "com.apple.product-type.bundle.unit-test";
		};
		6DA96C312F6187EA00803E03 /* voicecomUITests */ = {
			isa = PBXNativeTarget;
			buildConfigurationList = 6DA96C422F6187EA00803E03 /* Build configuration list for PBXNativeTarget "voicecomUITests" */;
			buildPhases = (
				6DA96C2E2F6187EA00803E03 /* Sources */,
				6DA96C2F2F6187EA00803E03 /* Frameworks */,
				6DA96C302F6187EA00803E03 /* Resources */,
			);
			buildRules = (
			);
			dependencies = (
				6DA96C342F6187EA00803E03 /* PBXTargetDependency */,
			);
			fileSystemSynchronizedGroups = (
				6DA96C352F6187EA00803E03 /* voicecomUITests */,
			);
			name = voicecomUITests;
			packageProductDependencies = (
			);
			productName = voicecomUITests;
			productReference = 6DA96C322F6187EA00803E03 /* voicecomUITests.xctest */;
			productType = "com.apple.product-type.bundle.ui-testing";
		};
/* End PBXNativeTarget section */

/* Begin PBXProject section */
		6DA96C112F6187E900803E03 /* Project object */ = {
			isa = PBXProject;
			attributes = {
				BuildIndependentTargetsInParallel = 1;
				LastSwiftUpdateCheck = 2630;
				LastUpgradeCheck = 2630;
				TargetAttributes = {
					6DA96C182F6187E900803E03 = {
						CreatedOnToolsVersion = 26.3;
					};
					6DA96C272F6187EA00803E03 = {
						CreatedOnToolsVersion = 26.3;
						TestTargetID = 6DA96C182F6187E900803E03;
					};
					6DA96C312F6187EA00803E03 = {
						CreatedOnToolsVersion = 26.3;
						TestTargetID = 6DA96C182F6187E900803E03;
					};
				};
			};
			buildConfigurationList = 6DA96C142F6187E900803E03 /* Build configuration list for PBXProject "voicecom" */;
			developmentRegion = en;
			hasScannedForEncodings = 0;
			knownRegions = (
				en,
				Base,
			);
			mainGroup = 6DA96C102F6187E900803E03;
			minimizedProjectReferenceProxies = 1;
			packageReferences = (
				6DCB94A12F61F1B600C8BFAA /* XCLocalSwiftPackageReference "LocalWhisper" */,
			);
			preferredProjectObjectVersion = 77;
			productRefGroup = 6DA96C1A2F6187E900803E03 /* Products */;
			projectDirPath = "";
			projectRoot = "";
			targets = (
				6DA96C182F6187E900803E03 /* voicecom */,
				6DA96C272F6187EA00803E03 /* voicecomTests */,
				6DA96C312F6187EA00803E03 /* voicecomUITests */,
			);
		};
/* End PBXProject section */

/* Begin PBXResourcesBuildPhase section */
		6DA96C172F6187E900803E03 /* Resources */ = {
			isa = PBXResourcesBuildPhase;
			buildActionMask = 2147483647;
			files = (
			);
			runOnlyForDeploymentPostprocessing = 0;
		};
		6DA96C262F6187EA00803E03 /* Resources */ = {
			isa = PBXResourcesBuildPhase;
			buildActionMask = 2147483647;
			files = (
			);
			runOnlyForDeploymentPostprocessing = 0;
		};
		6DA96C302F6187EA00803E03 /* Resources */ = {
			isa = PBXResourcesBuildPhase;
			buildActionMask = 2147483647;
			files = (
			);
			runOnlyForDeploymentPostprocessing = 0;
		};
/* End PBXResourcesBuildPhase section */

/* Begin PBXSourcesBuildPhase section */
		6DA96C152F6187E900803E03 /* Sources */ = {
			isa = PBXSourcesBuildPhase;
			buildActionMask = 2147483647;
			files = (
			);
			runOnlyForDeploymentPostprocessing = 0;
		};
		6DA96C242F6187EA00803E03 /* Sources */ = {
			isa = PBXSourcesBuildPhase;
			buildActionMask = 2147483647;
			files = (
			);
			runOnlyForDeploymentPostprocessing = 0;
		};
		6DA96C2E2F6187EA00803E03 /* Sources */ = {
			isa = PBXSourcesBuildPhase;
			buildActionMask = 2147483647;
			files = (
			);
			runOnlyForDeploymentPostprocessing = 0;
		};
/* End PBXSourcesBuildPhase section */

/* Begin PBXTargetDependency section */
		6DA96C2A2F6187EA00803E03 /* PBXTargetDependency */ = {
			isa = PBXTargetDependency;
			target = 6DA96C182F6187E900803E03 /* voicecom */;
			targetProxy = 6DA96C292F6187EA00803E03 /* PBXContainerItemProxy */;
		};
		6DA96C342F6187EA00803E03 /* PBXTargetDependency */ = {
			isa = PBXTargetDependency;
			target = 6DA96C182F6187E900803E03 /* voicecom */;
			targetProxy = 6DA96C332F6187EA00803E03 /* PBXContainerItemProxy */;
		};
/* End PBXTargetDependency section */

/* Begin XCBuildConfiguration section */
		6DA96C3A2F6187EA00803E03 /* Debug */ = {
			isa = XCBuildConfiguration;
			buildSettings = {
				ALWAYS_SEARCH_USER_PATHS = NO;
				ASSETCATALOG_COMPILER_GENERATE_SWIFT_ASSET_SYMBOL_EXTENSIONS = YES;
				CLANG_ANALYZER_NONNULL = YES;
				CLANG_ANALYZER_NUMBER_OBJECT_CONVERSION = YES_AGGRESSIVE;
				CLANG_CXX_LANGUAGE_STANDARD = "gnu++20";
				CLANG_ENABLE_MODULES = YES;
				CLANG_ENABLE_OBJC_ARC = YES;
				CLANG_ENABLE_OBJC_WEAK = YES;
				CLANG_WARN_BLOCK_CAPTURE_AUTORELEASING = YES;
				CLANG_WARN_BOOL_CONVERSION = YES;
				CLANG_WARN_COMMA = YES;
				CLANG_WARN_CONSTANT_CONVERSION = YES;
				CLANG_WARN_DEPRECATED_OBJC_IMPLEMENTATIONS = YES;
				CLANG_WARN_DIRECT_OBJC_ISA_USAGE = YES_ERROR;
				CLANG_WARN_DOCUMENTATION_COMMENTS = YES;
				CLANG_WARN_EMPTY_BODY = YES;
				CLANG_WARN_ENUM_CONVERSION = YES;
				CLANG_WARN_INFINITE_RECURSION = YES;
				CLANG_WARN_INT_CONVERSION = YES;
				CLANG_WARN_NON_LITERAL_NULL_CONVERSION = YES;
				CLANG_WARN_OBJC_IMPLICIT_RETAIN_SELF = YES;
				CLANG_WARN_OBJC_LITERAL_CONVERSION = YES;
				CLANG_WARN_OBJC_ROOT_CLASS = YES_ERROR;
				CLANG_WARN_QUOTED_INCLUDE_IN_FRAMEWORK_HEADER = YES;
				CLANG_WARN_RANGE_LOOP_ANALYSIS = YES;
				CLANG_WARN_STRICT_PROTOTYPES = YES;
				CLANG_WARN_SUSPICIOUS_MOVE = YES;
				CLANG_WARN_UNGUARDED_AVAILABILITY = YES_AGGRESSIVE;
				CLANG_WARN_UNREACHABLE_CODE = YES;
				CLANG_WARN__DUPLICATE_METHOD_MATCH = YES;
				COPY_PHASE_STRIP = NO;
				DEBUG_INFORMATION_FORMAT = dwarf;
				ENABLE_STRICT_OBJC_MSGSEND = YES;
				ENABLE_TESTABILITY = YES;
				ENABLE_USER_SCRIPT_SANDBOXING = YES;
				GCC_C_LANGUAGE_STANDARD = gnu17;
				GCC_DYNAMIC_NO_PIC = NO;
				GCC_NO_COMMON_BLOCKS = YES;
				GCC_OPTIMIZATION_LEVEL = 0;
				GCC_PREPROCESSOR_DEFINITIONS = (
					"DEBUG=1",
					"$(inherited)",
				);
				GCC_WARN_64_TO_32_BIT_CONVERSION = YES;
				GCC_WARN_ABOUT_RETURN_TYPE = YES_ERROR;
				GCC_WARN_UNDECLARED_SELECTOR = YES;
				GCC_WARN_UNINITIALIZED_AUTOS = YES_AGGRESSIVE;
				GCC_WARN_UNUSED_FUNCTION = YES;
				GCC_WARN_UNUSED_VARIABLE = YES;
				LOCALIZATION_PREFERS_STRING_CATALOGS = YES;
				MACOSX_DEPLOYMENT_TARGET = 26.2;
				MTL_ENABLE_DEBUG_INFO = INCLUDE_SOURCE;
				MTL_FAST_MATH = YES;
				ONLY_ACTIVE_ARCH = YES;
				SDKROOT = macosx;
				SWIFT_ACTIVE_COMPILATION_CONDITIONS = "DEBUG $(inherited)";
				SWIFT_OPTIMIZATION_LEVEL = "-Onone";
			};
			name = Debug;
		};
		6DA96C3B2F6187EA00803E03 /* Release */ = {
			isa = XCBuildConfiguration;
			buildSettings = {
				ALWAYS_SEARCH_USER_PATHS = NO;
				ASSETCATALOG_COMPILER_GENERATE_SWIFT_ASSET_SYMBOL_EXTENSIONS = YES;
				CLANG_ANALYZER_NONNULL = YES;
				CLANG_ANALYZER_NUMBER_OBJECT_CONVERSION = YES_AGGRESSIVE;
				CLANG_CXX_LANGUAGE_STANDARD = "gnu++20";
				CLANG_ENABLE_MODULES = YES;
				CLANG_ENABLE_OBJC_ARC = YES;
				CLANG_ENABLE_OBJC_WEAK = YES;
				CLANG_WARN_BLOCK_CAPTURE_AUTORELEASING = YES;
				CLANG_WARN_BOOL_CONVERSION = YES;
				CLANG_WARN_COMMA = YES;
				CLANG_WARN_CONSTANT_CONVERSION = YES;
				CLANG_WARN_DEPRECATED_OBJC_IMPLEMENTATIONS = YES;
				CLANG_WARN_DIRECT_OBJC_ISA_USAGE = YES_ERROR;
				CLANG_WARN_DOCUMENTATION_COMMENTS = YES;
				CLANG_WARN_EMPTY_BODY = YES;
				CLANG_WARN_ENUM_CONVERSION = YES;
				CLANG_WARN_INFINITE_RECURSION = YES;
				CLANG_WARN_INT_CONVERSION = YES;
				CLANG_WARN_NON_LITERAL_NULL_CONVERSION = YES;
				CLANG_WARN_OBJC_IMPLICIT_RETAIN_SELF = YES;
				CLANG_WARN_OBJC_LITERAL_CONVERSION = YES;
				CLANG_WARN_OBJC_ROOT_CLASS = YES_ERROR;
				CLANG_WARN_QUOTED_INCLUDE_IN_FRAMEWORK_HEADER = YES;
				CLANG_WARN_RANGE_LOOP_ANALYSIS = YES;
				CLANG_WARN_STRICT_PROTOTYPES = YES;
				CLANG_WARN_SUSPICIOUS_MOVE = YES;
				CLANG_WARN_UNGUARDED_AVAILABILITY = YES_AGGRESSIVE;
				CLANG_WARN_UNREACHABLE_CODE = YES;
				CLANG_WARN__DUPLICATE_METHOD_MATCH = YES;
				COPY_PHASE_STRIP = NO;
				DEBUG_INFORMATION_FORMAT = "dwarf-with-dsym";
				ENABLE_NS_ASSERTIONS = NO;
				ENABLE_STRICT_OBJC_MSGSEND = YES;
				ENABLE_USER_SCRIPT_SANDBOXING = YES;
				GCC_C_LANGUAGE_STANDARD = gnu17;
				GCC_NO_COMMON_BLOCKS = YES;
				GCC_WARN_64_TO_32_BIT_CONVERSION = YES;
				GCC_WARN_ABOUT_RETURN_TYPE = YES_ERROR;
				GCC_WARN_UNDECLARED_SELECTOR = YES;
				GCC_WARN_UNINITIALIZED_AUTOS = YES_AGGRESSIVE;
				GCC_WARN_UNUSED_FUNCTION = YES;
				GCC_WARN_UNUSED_VARIABLE = YES;
				LOCALIZATION_PREFERS_STRING_CATALOGS = YES;
				MACOSX_DEPLOYMENT_TARGET = 26.2;
				MTL_ENABLE_DEBUG_INFO = NO;
				MTL_FAST_MATH = YES;
				SDKROOT = macosx;
				SWIFT_COMPILATION_MODE = wholemodule;
			};
			name = Release;
		};
		6DA96C3D2F6187EA00803E03 /* Debug */ = {
			isa = XCBuildConfiguration;
			buildSettings = {
				ASSETCATALOG_COMPILER_APPICON_NAME = AppIcon;
				ASSETCATALOG_COMPILER_GLOBAL_ACCENT_COLOR_NAME = AccentColor;
				"CODE_SIGN_IDENTITY[sdk=macosx*]" = "Apple Development";
				CODE_SIGN_STYLE = Automatic;
				COMBINE_HIDPI_IMAGES = YES;
				CURRENT_PROJECT_VERSION = 1;
				DEVELOPMENT_TEAM = UQ3WY4NN5Q;
				ENABLE_APP_SANDBOX = NO;
				ENABLE_PREVIEWS = YES;
				ENABLE_USER_SELECTED_FILES = readonly;
				GENERATE_INFOPLIST_FILE = YES;
				INFOPLIST_KEY_CFBundleDisplayName = Voicecom;
				INFOPLIST_KEY_LSApplicationCategoryType = "public.app-category.productivity";
				INFOPLIST_KEY_LSUIElement = YES;
				INFOPLIST_KEY_NSHumanReadableCopyright = "";
				INFOPLIST_KEY_NSMicrophoneUsageDescription = "voicecom needs microphone access to record your voice for transcription.";
				LD_RUNPATH_SEARCH_PATHS = (
					"$(inherited)",
					"@executable_path/../Frameworks",
				);
				MACOSX_DEPLOYMENT_TARGET = 26.2;
				MARKETING_VERSION = 1.0;
				PRODUCT_BUNDLE_IDENTIFIER = newstuff.io.voicecom;
				PRODUCT_NAME = "$(TARGET_NAME)";
				REGISTER_APP_GROUPS = YES;
				STRING_CATALOG_GENERATE_SYMBOLS = YES;
				SWIFT_APPROACHABLE_CONCURRENCY = YES;
				SWIFT_DEFAULT_ACTOR_ISOLATION = MainActor;
				SWIFT_EMIT_LOC_STRINGS = YES;
				SWIFT_UPCOMING_FEATURE_MEMBER_IMPORT_VISIBILITY = YES;
				SWIFT_VERSION = 6.0;
			};
			name = Debug;
		};
		6DA96C3E2F6187EA00803E03 /* Release */ = {
			isa = XCBuildConfiguration;
			buildSettings = {
				ASSETCATALOG_COMPILER_APPICON_NAME = AppIcon;
				ASSETCATALOG_COMPILER_GLOBAL_ACCENT_COLOR_NAME = AccentColor;
				"CODE_SIGN_IDENTITY[sdk=macosx*]" = "Apple Development";
				CODE_SIGN_STYLE = Automatic;
				COMBINE_HIDPI_IMAGES = YES;
				CURRENT_PROJECT_VERSION = 1;
				DEVELOPMENT_TEAM = UQ3WY4NN5Q;
				ENABLE_APP_SANDBOX = NO;
				ENABLE_PREVIEWS = YES;
				ENABLE_USER_SELECTED_FILES = readonly;
				GENERATE_INFOPLIST_FILE = YES;
				INFOPLIST_KEY_CFBundleDisplayName = Voicecom;
				INFOPLIST_KEY_LSApplicationCategoryType = "public.app-category.productivity";
				INFOPLIST_KEY_LSUIElement = YES;
				INFOPLIST_KEY_NSHumanReadableCopyright = "";
				INFOPLIST_KEY_NSMicrophoneUsageDescription = "voicecom needs microphone access to record your voice for transcription.";
				LD_RUNPATH_SEARCH_PATHS = (
					"$(inherited)",
					"@executable_path/../Frameworks",
				);
				MACOSX_DEPLOYMENT_TARGET = 26.2;
				MARKETING_VERSION = 1.0;
				PRODUCT_BUNDLE_IDENTIFIER = newstuff.io.voicecom;
				PRODUCT_NAME = "$(TARGET_NAME)";
				REGISTER_APP_GROUPS = YES;
				STRING_CATALOG_GENERATE_SYMBOLS = YES;
				SWIFT_APPROACHABLE_CONCURRENCY = YES;
				SWIFT_DEFAULT_ACTOR_ISOLATION = MainActor;
				SWIFT_EMIT_LOC_STRINGS = YES;
				SWIFT_UPCOMING_FEATURE_MEMBER_IMPORT_VISIBILITY = YES;
				SWIFT_VERSION = 6.0;
			};
			name = Release;
		};
		6DA96C402F6187EA00803E03 /* Debug */ = {
			isa = XCBuildConfiguration;
			buildSettings = {
				BUNDLE_LOADER = "$(TEST_HOST)";
				CODE_SIGN_STYLE = Automatic;
				CURRENT_PROJECT_VERSION = 1;
				GENERATE_INFOPLIST_FILE = YES;
				MACOSX_DEPLOYMENT_TARGET = 26.2;
				MARKETING_VERSION = 1.0;
				PRODUCT_BUNDLE_IDENTIFIER = newstuff.io.voicecomTests;
				PRODUCT_NAME = "$(TARGET_NAME)";
				STRING_CATALOG_GENERATE_SYMBOLS = NO;
				SWIFT_APPROACHABLE_CONCURRENCY = YES;
				SWIFT_EMIT_LOC_STRINGS = NO;
				SWIFT_UPCOMING_FEATURE_MEMBER_IMPORT_VISIBILITY = YES;
				SWIFT_VERSION = 5.0;
				TEST_HOST = "$(BUILT_PRODUCTS_DIR)/voicecom.app/$(BUNDLE_EXECUTABLE_FOLDER_PATH)/voicecom";
			};
			name = Debug;
		};
		6DA96C412F6187EA00803E03 /* Release */ = {
			isa = XCBuildConfiguration;
			buildSettings = {
				BUNDLE_LOADER = "$(TEST_HOST)";
				CODE_SIGN_STYLE = Automatic;
				CURRENT_PROJECT_VERSION = 1;
				GENERATE_INFOPLIST_FILE = YES;
				MACOSX_DEPLOYMENT_TARGET = 26.2;
				MARKETING_VERSION = 1.0;
				PRODUCT_BUNDLE_IDENTIFIER = newstuff.io.voicecomTests;
				PRODUCT_NAME = "$(TARGET_NAME)";
				STRING_CATALOG_GENERATE_SYMBOLS = NO;
				SWIFT_APPROACHABLE_CONCURRENCY = YES;
				SWIFT_EMIT_LOC_STRINGS = NO;
				SWIFT_UPCOMING_FEATURE_MEMBER_IMPORT_VISIBILITY = YES;
				SWIFT_VERSION = 5.0;
				TEST_HOST = "$(BUILT_PRODUCTS_DIR)/voicecom.app/$(BUNDLE_EXECUTABLE_FOLDER_PATH)/voicecom";
			};
			name = Release;
		};
		6DA96C432F6187EA00803E03 /* Debug */ = {
			isa = XCBuildConfiguration;
			buildSettings = {
				CODE_SIGN_STYLE = Automatic;
				CURRENT_PROJECT_VERSION = 1;
				GENERATE_INFOPLIST_FILE = YES;
				MARKETING_VERSION = 1.0;
				PRODUCT_BUNDLE_IDENTIFIER = newstuff.io.voicecomUITests;
				PRODUCT_NAME = "$(TARGET_NAME)";
				STRING_CATALOG_GENERATE_SYMBOLS = NO;
				SWIFT_APPROACHABLE_CONCURRENCY = YES;
				SWIFT_EMIT_LOC_STRINGS = NO;
				SWIFT_UPCOMING_FEATURE_MEMBER_IMPORT_VISIBILITY = YES;
				SWIFT_VERSION = 5.0;
				TEST_TARGET_NAME = voicecom;
			};
			name = Debug;
		};
		6DA96C442F6187EA00803E03 /* Release */ = {
			isa = XCBuildConfiguration;
			buildSettings = {
				CODE_SIGN_STYLE = Automatic;
				CURRENT_PROJECT_VERSION = 1;
				GENERATE_INFOPLIST_FILE = YES;
				MARKETING_VERSION = 1.0;
				PRODUCT_BUNDLE_IDENTIFIER = newstuff.io.voicecomUITests;
				PRODUCT_NAME = "$(TARGET_NAME)";
				STRING_CATALOG_GENERATE_SYMBOLS = NO;
				SWIFT_APPROACHABLE_CONCURRENCY = YES;
				SWIFT_EMIT_LOC_STRINGS = NO;
				SWIFT_UPCOMING_FEATURE_MEMBER_IMPORT_VISIBILITY = YES;
				SWIFT_VERSION = 5.0;
				TEST_TARGET_NAME = voicecom;
			};
			name = Release;
		};
/* End XCBuildConfiguration section */

/* Begin XCConfigurationList section */
		6DA96C142F6187E900803E03 /* Build configuration list for PBXProject "voicecom" */ = {
			isa = XCConfigurationList;
			buildConfigurations = (
				6DA96C3A2F6187EA00803E03 /* Debug */,
				6DA96C3B2F6187EA00803E03 /* Release */,
			);
			defaultConfigurationIsVisible = 0;
			defaultConfigurationName = Release;
		};
		6DA96C3C2F6187EA00803E03 /* Build configuration list for PBXNativeTarget "voicecom" */ = {
			isa = XCConfigurationList;
			buildConfigurations = (
				6DA96C3D2F6187EA00803E03 /* Debug */,
				6DA96C3E2F6187EA00803E03 /* Release */,
			);
			defaultConfigurationIsVisible = 0;
			defaultConfigurationName = Release;
		};
		6DA96C3F2F6187EA00803E03 /* Build configuration list for PBXNativeTarget "voicecomTests" */ = {
			isa = XCConfigurationList;
			buildConfigurations = (
				6DA96C402F6187EA00803E03 /* Debug */,
				6DA96C412F6187EA00803E03 /* Release */,
			);
			defaultConfigurationIsVisible = 0;
			defaultConfigurationName = Release;
		};
		6DA96C422F6187EA00803E03 /* Build configuration list for PBXNativeTarget "voicecomUITests" */ = {
			isa = XCConfigurationList;
			buildConfigurations = (
				6DA96C432F6187EA00803E03 /* Debug */,
				6DA96C442F6187EA00803E03 /* Release */,
			);
			defaultConfigurationIsVisible = 0;
			defaultConfigurationName = Release;
		};
/* End XCConfigurationList section */

/* Begin XCLocalSwiftPackageReference section */
		6DCB94A12F61F1B600C8BFAA /* XCLocalSwiftPackageReference "LocalWhisper" */ = {
			isa = XCLocalSwiftPackageReference;
			relativePath = LocalWhisper;
		};
/* End XCLocalSwiftPackageReference section */

/* Begin XCSwiftPackageProductDependency section */
		6DCB94A22F61F1B600C8BFAA /* LocalWhisper */ = {
			isa = XCSwiftPackageProductDependency;
			productName = LocalWhisper;
		};
/* End XCSwiftPackageProductDependency section */
	};
	rootObject = 6DA96C112F6187E900803E03 /* Project object */;
}
